
Microsoft Visual Studio Solution File, Format Version 12.00
# Visual Studio Version 17
VisualStudioVersion = 17.0.31903.59
MinimumVisualStudioVersion = 10.0.40219.1
Project("{2150E333-8FDC-42A3-9474-1A3956D46DE8}") = "src", "src", "{827E0CD3-B72D-47B6-A68D-7590B98EB39B}"
EndProject
Project("{FAE04EC0-301F-11D3-BF4B-00C04F79EFBC}") = "Voicer.Core", "src\Voicer.Core\Voicer.Core.csproj", "{002CA0DB-23A3-4734-B3EF-0F729F9AEDD8}"
EndProject
Project("{FAE04EC0-301F-11D3-BF4B-00C04F79EFBC}") = "Voicer.Desktop", "src\Voicer.Desktop\Voicer.Desktop.csproj", "{650D1731-B387-49FF-AF62-A8C685D95943}"
EndProject
Project("{FAE04EC0-301F-11D3-BF4B-00C04F79EFBC}") = "Voicer.Platform.Windows", "src\Voicer.Platform.Windows\Voicer.Platform.Windows.csproj", "{9E048580-7793-4672-815A-0F38C0114F4C}"
EndProject
Project("{FAE04EC0-301F-11D3-BF4B-00C04F79EFBC}") = "Voicer.Platform.macOS", "src\Voicer.Platform.macOS\Voicer.Platform.macOS.csproj", "{9ECEDA9E-9BD9-408A-AF3F-BA63DC37E23B}"
EndProject
Project("{FAE04EC0-301F-11D3-BF4B-00C04F79EFBC}") = "Voicer.Platform.Linux", "src\Voicer.Platform.Linux\Voicer.Platform.Linux.csproj", "{CAFE9AE1-3238-4703-B5CF-C167565AD564}"
EndProject
Global
	GlobalSection(SolutionConfigurationPlatforms) = preSolution
		Debug|Any CPU = Debug|Any CPU
		Debug|x64 = Debug|x64
		Debug|x86 = Debug|x86
		Release|Any CPU = Release|Any CPU
		Release|x64 = Release|x64
		Release|x86 = Release|x86
	EndGlobalSection
	GlobalSection(ProjectConfigurationPlatforms) = postSolution
		{002CA0DB-23A3-4734-B3EF-0F729F9AEDD8}.Debug|Any CPU.ActiveCfg = Debug|Any CPU
		{002CA0DB-23A3-4734-B3EF-0F729F9AEDD8}.Debug|Any CPU.Build.0 = Debug|Any CPU
		{002CA0DB-23A3-4734-B3EF-0F729F9AEDD8}.Debug|x64.ActiveCfg = Debug|Any CPU
		{002CA0DB-23A3-4734-B3EF-0F729F9AEDD8}.Debug|x64.Build.0 = Debug|Any CPU
		{002CA0DB-23A3-4734-B3EF-0F729F9AEDD8}.Debug|x86.ActiveCfg = Debug|Any CPU
		{002CA0DB-23A3-4734-B3EF-0F729F9AEDD8}.Debug|x86.Build.0 = Debug|Any CPU
		{002CA0DB-23A3-4734-B3EF-0F729F9AEDD8}.Release|Any CPU.ActiveCfg = Release|Any CPU
		{002CA0DB-23A3-4734-B3EF-0F729F9AEDD8}.Release|Any CPU.Build.0 = Release|Any CPU
		{002CA0DB-23A3-4734-B3EF-0F729F9AEDD8}.Release|x64.ActiveCfg = Release|Any CPU
		{002CA0DB-23A3-4734-B3EF-0F729F9AEDD8}.Release|x64.Build.0 = Release|Any CPU
		{002CA0DB-23A3-4734-B3EF-0F729F9AEDD8}.Release|x86.ActiveCfg = Release|Any CPU
		{002CA0DB-23A3-4734-B3EF-0F729F9AEDD8}.Release|x86.Build.0 = Release|Any CPU
		{650D1731-B387-49FF-AF62-A8C685D95943}.Debug|Any CPU.ActiveCfg = Debug|Any CPU
		{650D1731-B387-49FF-AF62-A8C685D95943}.Debug|Any CPU.Build.0 = Debug|Any CPU
		{650D1731-B387-49FF-AF62-A8C685D95943}.Debug|x64.ActiveCfg = Debug|Any CPU
		{650D1731-B387-49FF-AF62-A8C685D95943}.Debug|x64.Build.0 = Debug|Any CPU
		{650D1731-B387-49FF-AF62-A8C685D95943}.Debug|x86.ActiveCfg = Debug|Any CPU
		{650D1731-B387-49FF-AF62-A8C685D95943}.Debug|x86.Build.0 = Debug|Any CPU
		{650D1731-B387-49FF-AF62-A8C685D95943}.Release|Any CPU.ActiveCfg = Release|Any CPU
		{650D1731-B387-49FF-AF62-A8C685D95943}.Release|Any CPU.Build.0 = Release|Any CPU
		{650D1731-B387-49FF-AF62-A8C685D95943}.Release|x64.ActiveCfg = Release|Any CPU
		{650D1731-B387-49FF-AF62-A8C685D95943}.Release|x64.Build.0 = Release|Any CPU
		{650D1731-B387-49FF-AF62-A8C685D95943}.Release|x86.ActiveCfg = Release|Any CPU
		{650D1731-B387-49FF-AF62-A8C685D95943}.Release|x86.Build.0 = Release|Any CPU
		{9E048580-7793-4672-815A-0F38C0114F4C}.Debug|Any CPU.ActiveCfg = Debug|Any CPU
		{9E048580-7793-4672-815A-0F38C0114F4C}.Debug|Any CPU.Build.0 = Debug|Any CPU
		{9E048580-7793-4672-815A-0F38C0114F4C}.Debug|x64.ActiveCfg = Debug|Any CPU
		{9E048580-7793-4672-815A-0F38C0114F4C}.Debug|x64.Build.0 = Debug|Any CPU
		{9E048580-7793-4672-815A-0F38C0114F4C}.Debug|x86.ActiveCfg = Debug|Any CPU
		{9E048580-7793-4672-815A-0F38C0114F4C}.Debug|x86.Build.0 = Debug|Any CPU
		{9E048580-7793-4672-815A-0F38C0114F4C}.Release|Any CPU.ActiveCfg = Release|Any CPU
		{9E048580-7793-4672-815A-0F38C0114F4C}.Release|Any CPU.Build.0 = Release|Any CPU
		{9E048580-7793-4672-815A-0F38C0114F4C}.Release|x64.ActiveCfg = Release|Any CPU
		{9E048580-7793-4672-815A-0F38C0114F4C}.Release|x64.Build.0 = Release|Any CPU
		{9E048580-7793-4672-815A-0F38C0114F4C}.Release|x86.ActiveCfg = Release|Any CPU
		{9E048580-7793-4672-815A-0F38C0114F4C}.Release|x86.Build.0 = Release|Any CPU
		{9ECEDA9E-9BD9-408A-AF3F-BA63DC37E23B}.Debug|Any CPU.ActiveCfg = Debug|Any CPU
		{9ECEDA9E-9BD9-408A-AF3F-BA63DC37E23B}.Debug|Any CPU.Build.0 = Debug|Any CPU
		{9ECEDA9E-9BD9-408A-AF3F-BA63DC37E23B}.Debug|x64.ActiveCfg = Debug|Any CPU
		{9ECEDA9E-9BD9-408A-AF3F-BA63DC37E23B}.Debug|x64.Build.0 = Debug|Any CPU
		{9ECEDA9E-9BD9-408A-AF3F-BA63DC37E23B}.Debug|x86.ActiveCfg = Debug|Any CPU
		{9ECEDA9E-9BD9-408A-AF3F-BA63DC37E23B}.Debug|x86.Build.0 = Debug|Any CPU
		{9ECEDA9E-9BD9-408A-AF3F-BA63DC37E23B}.Release|Any CPU.ActiveCfg = Release|Any CPU
		{9ECEDA9E-9BD9-408A-AF3F-BA63DC37E23B}.Release|Any CPU.Build.0 = Release|Any CPU
		{9ECEDA9E-9BD9-408A-AF3F-BA63DC37E23B}.Release|x64.ActiveCfg = Release|Any CPU
		{9ECEDA9E-9BD9-408A-AF3F-BA63DC37E23B}.Release|x64.Build.0 = Release|Any CPU
		{9ECEDA9E-9BD9-408A-AF3F-BA63DC37E23B}.Release|x86.ActiveCfg = Release|Any CPU
		{9ECEDA9E-9BD9-408A-AF3F-BA63DC37E23B}.Release|x86.Build.0 = Release|Any CPU
		{CAFE9AE1-3238-4703-B5CF-C167565AD564}.Debug|Any CPU.ActiveCfg = Debug|Any CPU
		{CAFE9AE1-3238-4703-B5CF-C167565AD564}.Debug|Any CPU.Build.0 = Debug|Any CPU
		{CAFE9AE1-3238-4703-B5CF-C167565AD564}.Debug|x64.ActiveCfg = Debug|Any CPU
		{CAFE9AE1-3238-4703-B5CF-C167565AD564}.Debug|x64.Build.0 = Debug|Any CPU
		{CAFE9AE1-3238-4703-B5CF-C167565AD564}.Debug|x86.ActiveCfg = Debug|Any CPU
		{CAFE9AE1-3238-4703-B5CF-C167565AD564}.Debug|x86.Build.0 = Debug|Any CPU
		{CAFE9AE1-3238-4703-B5CF-C167565AD564}.Release|Any CPU.ActiveCfg = Release|Any CPU
		{CAFE9AE1-3238-4703-B5CF-C167565AD564}.Release|Any CPU.Build.0 = Release|Any CPU
		{CAFE9AE1-3238-4703-B5CF-C167565AD564}.Release|x64.ActiveCfg = Release|Any CPU
		{CAFE9AE1-3238-4703-B5CF-C167565AD564}.Release|x64.Build.0 = Release|Any CPU
		{CAFE9AE1-3238-4703-B5CF-C167565AD564}.Release|x86.ActiveCfg = Release|Any CPU
		{CAFE9AE1-3238-4703-B5CF-C167565AD564}.Release|x86.Build.0 = Release|Any CPU
	EndGlobalSection
	GlobalSection(SolutionProperties) = preSolution
		HideSolutionNode = FALSE
	EndGlobalSection
	GlobalSection(NestedProjects) = preSolution
		{002CA0DB-23A3-4734-B3EF-0F729F9AEDD8} = {827E0CD3-B72D-47B6-A68D-7590B98EB39B}
		{650D1731-B387-49FF-AF62-A8C685D95943} = {827E0CD3-B72D-47B6-A68D-7590B98EB39B}
		{9E048580-7793-4672-815A-0F38C0114F4C} = {827E0CD3-B72D-47B6-A68D-7590B98EB39B}
		{9ECEDA9E-9BD9-408A-AF3F-BA63DC37E23B} = {827E0CD3-B72D-47B6-A68D-7590B98EB39B}
		{CAFE9AE1-3238-4703-B5CF-C167565AD564} = {827E0CD3-B72D-47B6-A68D-7590B98EB39B}
	EndGlobalSection
EndGlobal
